
Microsoft Visual Studio Solution File, Format Version 12.00
# Visual Studio 15
VisualStudioVersion = 15.0.27703.2026
MinimumVisualStudioVersion = 10.0.40219.1
Project("{9A19103F-16F7-4668-BE54-9A1E7A4F7556}") = "FlatBuffers", "FlatBuffers.csproj", "{A7DA2D40-8247-4725-A096-17A96BFDFA90}"
EndProject
Global
	GlobalSection(SolutionConfigurationPlatforms) = preSolution
		Debug|Any CPU = Debug|Any CPU
		Release|Any CPU = Release|Any CPU
	EndGlobalSection
	GlobalSection(ProjectConfigurationPlatforms) = postSolution
		{A7DA2D40-8247-4725-A096-17A96BFDFA90}.Debug|Any CPU.ActiveCfg = Debug|Any CPU
		{A7DA2D40-8247-4725-A096-17A96BFDFA90}.Debug|Any CPU.Build.0 = Debug|Any CPU
		{A7DA2D40-8247-4725-A096-17A96BFDFA90}.Release|Any CPU.ActiveCfg = Release|Any CPU
		{A7DA2D40-8247-4725-A096-17A96BFDFA90}.Release|Any CPU.Build.0 = Release|Any CPU
	EndGlobalSection
	GlobalSection(SolutionProperties) = preSolution
		HideSolutionNode = FALSE
	EndGlobalSection
	GlobalSection(ExtensibilityGlobals) = postSolution
		SolutionGuid = {D842F01D-258B-4183-AE8A-F4E2CCDDEEF0}
	EndGlobalSection
EndGlobal
